
Microsoft Visual Studio Solution File, Format Version 12.00
Project("{2150E333-8FDC-42A3-9474-1A3956D46DE8}") = "Core", "Core", "{BC640712-6068-4442-A0DB-99B2113E0C48}"
EndProject
Project("{2150E333-8FDC-42A3-9474-1A3956D46DE8}") = "Infrastructure", "Infrastructure", "{41EFBF16-D7AE-412C-B31C-726A64FD32D2}"
EndProject
Project("{2150E333-8FDC-42A3-9474-1A3956D46DE8}") = "Presentation", "Presentation", "{E52146EE-A13B-425A-B36F-D7EBCA478C17}"
EndProject
Project("{2150E333-8FDC-42A3-9474-1A3956D46DE8}") = "Tests", "Tests", "{86AB3D52-84A6-473E-9FF3-533025422DAF}"
EndProject
Project("{FAE04EC0-301F-11D3-BF4B-00C04F79EFBC}") = "HiClass.Application", "HiClass.Application\HiClass.Application.csproj", "{10BDE5B9-B9C4-44CA-9D1A-94AC90AFD3FB}"
EndProject
Project("{FAE04EC0-301F-11D3-BF4B-00C04F79EFBC}") = "HiClass.Domain", "HiClass.Domain\HiClass.Domain.csproj", "{3B08C916-91B0-4271-BDDB-61C66F30353B}"
EndProject
Project("{FAE04EC0-301F-11D3-BF4B-00C04F79EFBC}") = "HiClass.Infrastructure", "HiClass.Infrastructure\HiClass.Infrastructure.csproj", "{570C42BB-B1A5-4D46-983F-D06787FD1E90}"
EndProject
Project("{FAE04EC0-301F-11D3-BF4B-00C04F79EFBC}") = "HiClass.Persistence", "HiClass.Persistence\HiClass.Persistence.csproj", "{9167FB49-E71A-4D3F-A1D5-E28F955942AC}"
EndProject
Project("{FAE04EC0-301F-11D3-BF4B-00C04F79EFBC}") = "HiClass.API", "HiClass.API\HiClass.API.csproj", "{3AD8CE3F-7871-41F6-9F46-D617A2B4CC6F}"
EndProject
Project("{FAE04EC0-301F-11D3-BF4B-00C04F79EFBC}") = "HiClass.API.Tests", "HiClass.API.Tests\HiClass.API.Tests.csproj", "{05D77CD7-0B38-4623-999B-8B9431BF38E9}"
EndProject
Project("{FAE04EC0-301F-11D3-BF4B-00C04F79EFBC}") = "HiClass.Application.Tests", "HiClass.Application.Tests\HiClass.Application.Tests.csproj", "{92B3C3C0-B95A-40F7-AF18-21BF2F54826B}"
EndProject
Project("{FAE04EC0-301F-11D3-BF4B-00C04F79EFBC}") = "HiClass.Infrastructure.Tests", "HiClass.Infrastructure.Tests\HiClass.Infrastructure.Tests.csproj", "{6F478108-EA4C-4676-8CA7-93EA7817A189}"
EndProject
Project("{FAE04EC0-301F-11D3-BF4B-00C04F79EFBC}") = "HiClass.Persistence.Tests", "HiClass.Persistence.Tests\HiClass.Persistence.Tests.csproj", "{43D9180B-766A-4121-8992-844F997BF3AF}"
EndProject
Global
	GlobalSection(SolutionConfigurationPlatforms) = preSolution
		Debug|Any CPU = Debug|Any CPU
		Release|Any CPU = Release|Any CPU
	EndGlobalSection
	GlobalSection(NestedProjects) = preSolution
		{10BDE5B9-B9C4-44CA-9D1A-94AC90AFD3FB} = {BC640712-6068-4442-A0DB-99B2113E0C48}
		{3B08C916-91B0-4271-BDDB-61C66F30353B} = {BC640712-6068-4442-A0DB-99B2113E0C48}
		{570C42BB-B1A5-4D46-983F-D06787FD1E90} = {41EFBF16-D7AE-412C-B31C-726A64FD32D2}
		{9167FB49-E71A-4D3F-A1D5-E28F955942AC} = {41EFBF16-D7AE-412C-B31C-726A64FD32D2}
		{3AD8CE3F-7871-41F6-9F46-D617A2B4CC6F} = {E52146EE-A13B-425A-B36F-D7EBCA478C17}
		{05D77CD7-0B38-4623-999B-8B9431BF38E9} = {86AB3D52-84A6-473E-9FF3-533025422DAF}
		{92B3C3C0-B95A-40F7-AF18-21BF2F54826B} = {86AB3D52-84A6-473E-9FF3-533025422DAF}
		{6F478108-EA4C-4676-8CA7-93EA7817A189} = {86AB3D52-84A6-473E-9FF3-533025422DAF}
		{43D9180B-766A-4121-8992-844F997BF3AF} = {86AB3D52-84A6-473E-9FF3-533025422DAF}
	EndGlobalSection
	GlobalSection(ProjectConfigurationPlatforms) = postSolution
		{10BDE5B9-B9C4-44CA-9D1A-94AC90AFD3FB}.Debug|Any CPU.ActiveCfg = Debug|Any CPU
		{10BDE5B9-B9C4-44CA-9D1A-94AC90AFD3FB}.Debug|Any CPU.Build.0 = Debug|Any CPU
		{10BDE5B9-B9C4-44CA-9D1A-94AC90AFD3FB}.Release|Any CPU.ActiveCfg = Release|Any CPU
		{10BDE5B9-B9C4-44CA-9D1A-94AC90AFD3FB}.Release|Any CPU.Build.0 = Release|Any CPU
		{3B08C916-91B0-4271-BDDB-61C66F30353B}.Debug|Any CPU.ActiveCfg = Debug|Any CPU
		{3B08C916-91B0-4271-BDDB-61C66F30353B}.Debug|Any CPU.Build.0 = Debug|Any CPU
		{3B08C916-91B0-4271-BDDB-61C66F30353B}.Release|Any CPU.ActiveCfg = Release|Any CPU
		{3B08C916-91B0-4271-BDDB-61C66F30353B}.Release|Any CPU.Build.0 = Release|Any CPU
		{570C42BB-B1A5-4D46-983F-D06787FD1E90}.Debug|Any CPU.ActiveCfg = Debug|Any CPU
		{570C42BB-B1A5-4D46-983F-D06787FD1E90}.Debug|Any CPU.Build.0 = Debug|Any CPU
		{570C42BB-B1A5-4D46-983F-D06787FD1E90}.Release|Any CPU.ActiveCfg = Release|Any CPU
		{570C42BB-B1A5-4D46-983F-D06787FD1E90}.Release|Any CPU.Build.0 = Release|Any CPU
		{9167FB49-E71A-4D3F-A1D5-E28F955942AC}.Debug|Any CPU.ActiveCfg = Debug|Any CPU
		{9167FB49-E71A-4D3F-A1D5-E28F955942AC}.Debug|Any CPU.Build.0 = Debug|Any CPU
		{9167FB49-E71A-4D3F-A1D5-E28F955942AC}.Release|Any CPU.ActiveCfg = Release|Any CPU
		{9167FB49-E71A-4D3F-A1D5-E28F955942AC}.Release|Any CPU.Build.0 = Release|Any CPU
		{3AD8CE3F-7871-41F6-9F46-D617A2B4CC6F}.Debug|Any CPU.ActiveCfg = Debug|Any CPU
		{3AD8CE3F-7871-41F6-9F46-D617A2B4CC6F}.Debug|Any CPU.Build.0 = Debug|Any CPU
		{3AD8CE3F-7871-41F6-9F46-D617A2B4CC6F}.Release|Any CPU.ActiveCfg = Release|Any CPU
		{3AD8CE3F-7871-41F6-9F46-D617A2B4CC6F}.Release|Any CPU.Build.0 = Release|Any CPU
		{05D77CD7-0B38-4623-999B-8B9431BF38E9}.Debug|Any CPU.ActiveCfg = Debug|Any CPU
		{05D77CD7-0B38-4623-999B-8B9431BF38E9}.Debug|Any CPU.Build.0 = Debug|Any CPU
		{05D77CD7-0B38-4623-999B-8B9431BF38E9}.Release|Any CPU.ActiveCfg = Release|Any CPU
		{05D77CD7-0B38-4623-999B-8B9431BF38E9}.Release|Any CPU.Build.0 = Release|Any CPU
		{92B3C3C0-B95A-40F7-AF18-21BF2F54826B}.Debug|Any CPU.ActiveCfg = Debug|Any CPU
		{92B3C3C0-B95A-40F7-AF18-21BF2F54826B}.Debug|Any CPU.Build.0 = Debug|Any CPU
		{92B3C3C0-B95A-40F7-AF18-21BF2F54826B}.Release|Any CPU.ActiveCfg = Release|Any CPU
		{92B3C3C0-B95A-40F7-AF18-21BF2F54826B}.Release|Any CPU.Build.0 = Release|Any CPU
		{6F478108-EA4C-4676-8CA7-93EA7817A189}.Debug|Any CPU.ActiveCfg = Debug|Any CPU
		{6F478108-EA4C-4676-8CA7-93EA7817A189}.Debug|Any CPU.Build.0 = Debug|Any CPU
		{6F478108-EA4C-4676-8CA7-93EA7817A189}.Release|Any CPU.ActiveCfg = Release|Any CPU
		{6F478108-EA4C-4676-8CA7-93EA7817A189}.Release|Any CPU.Build.0 = Release|Any CPU
		{43D9180B-766A-4121-8992-844F997BF3AF}.Debug|Any CPU.ActiveCfg = Debug|Any CPU
		{43D9180B-766A-4121-8992-844F997BF3AF}.Debug|Any CPU.Build.0 = Debug|Any CPU
		{43D9180B-766A-4121-8992-844F997BF3AF}.Release|Any CPU.ActiveCfg = Release|Any CPU
		{43D9180B-766A-4121-8992-844F997BF3AF}.Release|Any CPU.Build.0 = Release|Any CPU
	EndGlobalSection
EndGlobal
